lockfileVersion: '9.0'

settings:
  autoInstallPeers: true
  excludeLinksFromLockfile: false

importers:

  .:
    dependencies:
      '@dagrejs/graphlib':
        specifier: ^2.2.4
        version: 2.2.4
      d3-array:
        specifier: ^3.2.4
        version: 3.2.4
      typescript:
        specifier: ^5.9.3
        version: 5.9.3
    devDependencies:
      '@tsconfig/node22':
        specifier: ^22.0.5
        version: 22.0.5
      '@types/d3-array':
        specifier: ^3.2.2
        version: 3.2.2
      '@types/node':
        specifier: ^22.19.1
        version: 22.19.1
      prettier:
        specifier: ^3.6.2
        version: 3.6.2

packages:

  '@dagrejs/graphlib@2.2.4':
    resolution: {integrity: sha512-mepCf/e9+SKYy1d02/UkvSy6+6MoyXhVxP8lLDfA7BPE1X1d4dR0sZznmbM8/XVJ1GPM+Svnx7Xj6ZweByWUkw==}
    engines: {node: '>17.0.0'}

  '@tsconfig/node22@22.0.5':
    resolution: {integrity: sha512-hLf2ld+sYN/BtOJjHUWOk568dvjFQkHnLNa6zce25GIH+vxKfvTgm3qpaH6ToF5tu/NN0IH66s+Bb5wElHrLcw==}

  '@types/d3-array@3.2.2':
    resolution: {integrity: sha512-hOLWVbm7uRza0BYXpIIW5pxfrKe0W+D5lrFiAEYR+pb6w3N2SwSMaJbXdUfSEv+dT4MfHBLtn5js0LAWaO6otw==}

  '@types/node@22.19.1':
    resolution: {integrity: sha512-LCCV0HdSZZZb34qifBsyWlUmok6W7ouER+oQIGBScS8EsZsQbrtFTUrDX4hOl+CS6p7cnNC4td+qrSVGSCTUfQ==}

  d3-array@3.2.4:
    resolution: {integrity: sha512-tdQAmyA18i4J7wprpYq8ClcxZy3SC31QMeByyCFyRt7BVHdREQZ5lpzoe5mFEYZUWe+oq8HBvk9JjpibyEV4Jg==}
    engines: {node: '>=12'}

  internmap@2.0.3:
    resolution: {integrity: sha512-5Hh7Y1wQbvY5ooGgPbDaL5iYLAPzMTUrjMulskHLH6wnv/A+1q5rgEaiuqEjB+oxGXIVZs1FF+R/KPN3ZSQYYg==}
    engines: {node: '>=12'}

  prettier@3.6.2:
    resolution: {integrity: sha512-I7AIg5boAr5R0FFtJ6rCfD+LFsWHp81dolrFD8S79U9tb8Az2nGrJncnMSnys+bpQJfRUzqs9hnA81OAA3hCuQ==}
    engines: {node: '>=14'}
    hasBin: true

  typescript@5.9.3:
    resolution: {integrity: sha512-jl1vZzPDinLr9eUt3J/t7V6FgNEw9QjvBPdysz9KfQDD41fQrC2Y4vKQdiaUpFT4bXlb1RHhLpp8wtm6M5TgSw==}
    engines: {node: '>=14.17'}
    hasBin: true

  undici-types@6.21.0:
    resolution: {integrity: sha512-iwDZqg0QAGrg9Rav5H4n0M64c3mkR59cJ6wQp+7C4nI0gsmExaedaYLNO44eT4AtBBwjbTiGPMlt2Md0T9H9JQ==}

snapshots:

  '@dagrejs/graphlib@2.2.4': {}

  '@tsconfig/node22@22.0.5': {}

  '@types/d3-array@3.2.2': {}

  '@types/node@22.19.1':
    dependencies:
      undici-types: 6.21.0

  d3-array@3.2.4:
    dependencies:
      internmap: 2.0.3

  internmap@2.0.3: {}

  prettier@3.6.2: {}

  typescript@5.9.3: {}

  undici-types@6.21.0: {}
